
Microsoft Visual Studio Solution File, Format Version 12.00
# Visual Studio Version 17
VisualStudioVersion = 17.1.32421.90
MinimumVisualStudioVersion = 10.0.40219.1
Project("{FAE04EC0-301F-11D3-BF4B-00C04F79EFBC}") = "LGA.Clima.Web", "src\LGA.Clima.Web\LGA.Clima.Web.csproj", "{DD49EA7A-5194-4F61-8F39-53855164C1B7}"
EndProject
Project("{FAE04EC0-301F-11D3-BF4B-00C04F79EFBC}") = "LGA.Clima.Api", "src\LGA.Clima.Api\LGA.Clima.Api.csproj", "{544062CD-C2B3-4AEF-B733-66EBCD031D0B}"
EndProject
Project("{FAE04EC0-301F-11D3-BF4B-00C04F79EFBC}") = "LGA.Clima.Domain", "src\LGA.Clima.Domain\LGA.Clima.Domain.csproj", "{11ABBBFB-B09C-4299-9DE1-8CDB16BE0EA3}"
EndProject
Global
	GlobalSection(SolutionConfigurationPlatforms) = preSolution
		Debug|Any CPU = Debug|Any CPU
		Release|Any CPU = Release|Any CPU
	EndGlobalSection
	GlobalSection(ProjectConfigurationPlatforms) = postSolution
		{DD49EA7A-5194-4F61-8F39-53855164C1B7}.Debug|Any CPU.ActiveCfg = Debug|Any CPU
		{DD49EA7A-5194-4F61-8F39-53855164C1B7}.Debug|Any CPU.Build.0 = Debug|Any CPU
		{DD49EA7A-5194-4F61-8F39-53855164C1B7}.Release|Any CPU.ActiveCfg = Release|Any CPU
		{DD49EA7A-5194-4F61-8F39-53855164C1B7}.Release|Any CPU.Build.0 = Release|Any CPU
		{544062CD-C2B3-4AEF-B733-66EBCD031D0B}.Debug|Any CPU.ActiveCfg = Debug|Any CPU
		{544062CD-C2B3-4AEF-B733-66EBCD031D0B}.Debug|Any CPU.Build.0 = Debug|Any CPU
		{544062CD-C2B3-4AEF-B733-66EBCD031D0B}.Release|Any CPU.ActiveCfg = Release|Any CPU
		{544062CD-C2B3-4AEF-B733-66EBCD031D0B}.Release|Any CPU.Build.0 = Release|Any CPU
		{11ABBBFB-B09C-4299-9DE1-8CDB16BE0EA3}.Debug|Any CPU.ActiveCfg = Debug|Any CPU
		{11ABBBFB-B09C-4299-9DE1-8CDB16BE0EA3}.Debug|Any CPU.Build.0 = Debug|Any CPU
		{11ABBBFB-B09C-4299-9DE1-8CDB16BE0EA3}.Release|Any CPU.ActiveCfg = Release|Any CPU
		{11ABBBFB-B09C-4299-9DE1-8CDB16BE0EA3}.Release|Any CPU.Build.0 = Release|Any CPU
	EndGlobalSection
	GlobalSection(SolutionProperties) = preSolution
		HideSolutionNode = FALSE
	EndGlobalSection
	GlobalSection(ExtensibilityGlobals) = postSolution
		SolutionGuid = {AC0472E4-CB91-4496-A513-7E48EFFAD790}
	EndGlobalSection
EndGlobal
